
Microsoft Visual Studio Solution File, Format Version 12.00
# Visual Studio Version 17
VisualStudioVersion = 17.2.32505.173
MinimumVisualStudioVersion = 10.0.40219.1
Project("{FAE04EC0-301F-11D3-BF4B-00C04F79EFBC}") = "ConsoleApp3", "ConsoleApp3.csproj", "{57E3EC2E-30FE-4DB9-9159-BC5B5BAD92D7}"
EndProject
Global
	GlobalSection(SolutionConfigurationPlatforms) = preSolution
		Debug|Any CPU = Debug|Any CPU
		Release|Any CPU = Release|Any CPU
	EndGlobalSection
	GlobalSection(ProjectConfigurationPlatforms) = postSolution
		{57E3EC2E-30FE-4DB9-9159-BC5B5BAD92D7}.Debug|Any CPU.ActiveCfg = Debug|Any CPU
		{57E3EC2E-30FE-4DB9-9159-BC5B5BAD92D7}.Debug|Any CPU.Build.0 = Debug|Any CPU
		{57E3EC2E-30FE-4DB9-9159-BC5B5BAD92D7}.Release|Any CPU.ActiveCfg = Release|Any CPU
		{57E3EC2E-30FE-4DB9-9159-BC5B5BAD92D7}.Release|Any CPU.Build.0 = Release|Any CPU
	EndGlobalSection
	GlobalSection(SolutionProperties) = preSolution
		HideSolutionNode = FALSE
	EndGlobalSection
	GlobalSection(ExtensibilityGlobals) = postSolution
		SolutionGuid = {7E068EA7-DF19-4420-ACF8-776E94B5BF23}
	EndGlobalSection
EndGlobal
